// !$*UTF8*$!
{
	archiveVersion = 1;
	classes = {
	};
	objectVersion = 50;
	objects = {

/* Begin PBXBuildFile section */
		3CB31F0E23572BDF004726A1 /* AppDelegate.swift in Sources */ = {isa = PBXBuildFile; fileRef = 3CB31F0D23572BDF004726A1 /* AppDelegate.swift */; };
		3CB31F1023572BDF004726A1 /* SceneDelegate.swift in Sources */ = {isa = PBXBuildFile; fileRef = 3CB31F0F23572BDF004726A1 /* SceneDelegate.swift */; };
		3CB31F1223572BDF004726A1 /* ViewController.swift in Sources */ = {isa = PBXBuildFile; fileRef = 3CB31F1123572BDF004726A1 /* ViewController.swift */; };
		3CB31F1523572BDF004726A1 /* Main.storyboard in Resources */ = {isa = PBXBuildFile; fileRef = 3CB31F1323572BDF004726A1 /* Main.storyboard */; };
		3CB31F1723572BE1004726A1 /* Assets.xcassets in Resources */ = {isa = PBXBuildFile; fileRef = 3CB31F1623572BE1004726A1 /* Assets.xcassets */; };
		3CB31F1A23572BE1004726A1 /* LaunchScreen.storyboard in Resources */ = {isa = PBXBuildFile; fileRef = 3CB31F1823572BE1004726A1 /* LaunchScreen.storyboard */; };
		3CB31F2623572C1F004726A1 /* AnnularLayer.swift in Sources */ = {isa = PBXBuildFile; fileRef = 3CB31F2223572C1F004726A1 /* AnnularLayer.swift */; };
		3CB31F2723572C1F004726A1 /* DescriptionTextLayer.swift in Sources */ = {isa = PBXBuildFile; fileRef = 3CB31F2323572C1F004726A1 /* DescriptionTextLayer.swift */; };
		3CB31F2923572C1F004726A1 /* LineLayer.swift in Sources */ = {isa = PBXBuildFile; fileRef = 3CB31F2523572C1F004726A1 /* LineLayer.swift */; };
		3CB31F2B23580BD1004726A1 /* EasyStepIndicator.swift in Sources */ = {isa = PBXBuildFile; fileRef = 3CB31F2A23580BD1004726A1 /* EasyStepIndicator.swift */; };
		3CB31F2F23581AF1004726A1 /* Kapture 2019-10-17 at 11.38.34.gif in Resources */ = {isa = PBXBuildFile; fileRef = 3CB31F2E23581AED004726A1 /* Kapture 2019-10-17 at 11.38.34.gif */; };
/* End PBXBuildFile section */

/* Begin PBXFileReference section */
		3CB31F0A23572BDF004726A1 /* EasyStepIndicator.app */ = {isa = PBXFileReference; explicitFileType = wrapper.application; includeInIndex = 0; path = EasyStepIndicator.app; sourceTree = BUILT_PRODUCTS_DIR; };
		3CB31F0D23572BDF004726A1 /* AppDelegate.swift */ = {isa = PBXFileReference; lastKnownFileType = sourcecode.swift; path = AppDelegate.swift; sourceTree = "<group>"; };
		3CB31F0F23572BDF004726A1 /* SceneDelegate.swift */ = {isa = PBXFileReference; lastKnownFileType = sourcecode.swift; path = SceneDelegate.swift; sourceTree = "<group>"; };
		3CB31F1123572BDF004726A1 /* ViewController.swift */ = {isa = PBXFileReference; lastKnownFileType = sourcecode.swift; path = ViewController.swift; sourceTree = "<group>"; };
		3CB31F1423572BDF004726A1 /* Base */ = {isa = PBXFileReference; lastKnownFileType = file.storyboard; name = Base; path = Base.lproj/Main.storyboard; sourceTree = "<group>"; };
		3CB31F1623572BE1004726A1 /* Assets.xcassets */ = {isa = PBXFileReference; lastKnownFileType = folder.assetcatalog; path = Assets.xcassets; sourceTree = "<group>"; };
		3CB31F1923572BE1004726A1 /* Base */ = {isa = PBXFileReference; lastKnownFileType = file.storyboard; name = Base; path = Base.lproj/LaunchScreen.storyboard; sourceTree = "<group>"; };
		3CB31F1B23572BE1004726A1 /* Info.plist */ = {isa = PBXFileReference; lastKnownFileType = text.plist.xml; path = Info.plist; sourceTree = "<group>"; };
		3CB31F2223572C1F004726A1 /* AnnularLayer.swift */ = {isa = PBXFileReference; fileEncoding = 4; lastKnownFileType = sourcecode.swift; path = AnnularLayer.swift; sourceTree = "<group>"; };
		3CB31F2323572C1F004726A1 /* DescriptionTextLayer.swift */ = {isa = PBXFileReference; fileEncoding = 4; lastKnownFileType = sourcecode.swift; path = DescriptionTextLayer.swift; sourceTree = "<group>"; };
		3CB31F2523572C1F004726A1 /* LineLayer.swift */ = {isa = PBXFileReference; fileEncoding = 4; lastKnownFileType = sourcecode.swift; path = LineLayer.swift; sourceTree = "<group>"; };
		3CB31F2A23580BD1004726A1 /* EasyStepIndicator.swift */ = {isa = PBXFileReference; lastKnownFileType = sourcecode.swift; path = EasyStepIndicator.swift; sourceTree = "<group>"; };
		3CB31F2C23581055004726A1 /* EasyStepIndicator.entitlements */ = {isa = PBXFileReference; lastKnownFileType = text.plist.entitlements; path = EasyStepIndicator.entitlements; sourceTree = "<group>"; };
		3CB31F2E23581AED004726A1 /* Kapture 2019-10-17 at 11.38.34.gif */ = {isa = PBXFileReference; lastKnownFileType = image.gif; path = "Kapture 2019-10-17 at 11.38.34.gif"; sourceTree = "<group>"; };
/* End PBXFileReference section */

/* Begin PBXFrameworksBuildPhase section */
		3CB31F0723572BDF004726A1 /* Frameworks */ = {
			isa = PBXFrameworksBuildPhase;
			buildActionMask = 2147483647;
			files = (
			);
			runOnlyForDeploymentPostprocessing = 0;
		};
/* End PBXFrameworksBuildPhase section */

/* Begin PBXGroup section */
		3CB31F0123572BDF004726A1 = {
			isa = PBXGroup;
			children = (
				3CB31F2D23581ACD004726A1 /* Demo */,
				3CB31F0C23572BDF004726A1 /* EasyStepIndicator */,
				3CB31F0B23572BDF004726A1 /* Products */,
			);
			sourceTree = "<group>";
		};
		3CB31F0B23572BDF004726A1 /* Products */ = {
			isa = PBXGroup;
			children = (
				3CB31F0A23572BDF004726A1 /* EasyStepIndicator.app */,
			);
			name = Products;
			sourceTree = "<group>";
		};
		3CB31F0C23572BDF004726A1 /* EasyStepIndicator */ = {
			isa = PBXGroup;
			children = (
				3CB31F2C23581055004726A1 /* EasyStepIndicator.entitlements */,
				3CB31F2123572BF1004726A1 /* EasyStepIndicator */,
				3CB31F0D23572BDF004726A1 /* AppDelegate.swift */,
				3CB31F0F23572BDF004726A1 /* SceneDelegate.swift */,
				3CB31F1123572BDF004726A1 /* ViewController.swift */,
				3CB31F1323572BDF004726A1 /* Main.storyboard */,
				3CB31F1623572BE1004726A1 /* Assets.xcassets */,
				3CB31F1823572BE1004726A1 /* LaunchScreen.storyboard */,
				3CB31F1B23572BE1004726A1 /* Info.plist */,
			);
			path = EasyStepIndicator;
			sourceTree = "<group>";
		};
		3CB31F2123572BF1004726A1 /* EasyStepIndicator */ = {
			isa = PBXGroup;
			children = (
				3CB31F2223572C1F004726A1 /* AnnularLayer.swift */,
				3CB31F2323572C1F004726A1 /* DescriptionTextLayer.swift */,
				3CB31F2523572C1F004726A1 /* LineLayer.swift */,
				3CB31F2A23580BD1004726A1 /* EasyStepIndicator.swift */,
			);
			path = EasyStepIndicator;
			sourceTree = "<group>";
		};
		3CB31F2D23581ACD004726A1 /* Demo */ = {
			isa = PBXGroup;
			children = (
				3CB31F2E23581AED004726A1 /* Kapture 2019-10-17 at 11.38.34.gif */,
			);
			path = Demo;
			sourceTree = "<group>";
		};
/* End PBXGroup section */

/* Begin PBXNativeTarget section */
		3CB31F0923572BDF004726A1 /* EasyStepIndicator */ = {
			isa = PBXNativeTarget;
			buildConfigurationList = 3CB31F1E23572BE1004726A1 /* Build configuration list for PBXNativeTarget "EasyStepIndicator" */;
			buildPhases = (
				3CB31F0623572BDF004726A1 /* Sources */,
				3CB31F0723572BDF004726A1 /* Frameworks */,
				3CB31F0823572BDF004726A1 /* Resources */,
			);
			buildRules = (
			);
			dependencies = (
			);
			name = EasyStepIndicator;
			productName = EasyStepIndicator;
			productReference = 3CB31F0A23572BDF004726A1 /* EasyStepIndicator.app */;
			productType = "com.apple.product-type.application";
		};
/* End PBXNativeTarget section */

/* Begin PBXProject section */
		3CB31F0223572BDF004726A1 /* Project object */ = {
			isa = PBXProject;
			attributes = {
				LastSwiftUpdateCheck = 1110;
				LastUpgradeCheck = 1110;
				ORGANIZATIONNAME = pengzishang;
				TargetAttributes = {
					3CB31F0923572BDF004726A1 = {
						CreatedOnToolsVersion = 11.1;
					};
				};
			};
			buildConfigurationList = 3CB31F0523572BDF004726A1 /* Build configuration list for PBXProject "EasyStepIndicator" */;
			compatibilityVersion = "Xcode 9.3";
			developmentRegion = en;
			hasScannedForEncodings = 0;
			knownRegions = (
				en,
				Base,
			);
			mainGroup = 3CB31F0123572BDF004726A1;
			productRefGroup = 3CB31F0B23572BDF004726A1 /* Products */;
			projectDirPath = "";
			projectRoot = "";
			targets = (
				3CB31F0923572BDF004726A1 /* EasyStepIndicator */,
			);
		};
/* End PBXProject section */

/* Begin PBXResourcesBuildPhase section */
		3CB31F0823572BDF004726A1 /* Resources */ = {
			isa = PBXResourcesBuildPhase;
			buildActionMask = 2147483647;
			files = (
				3CB31F1A23572BE1004726A1 /* LaunchScreen.storyboard in Resources */,
				3CB31F1723572BE1004726A1 /* Assets.xcassets in Resources */,
				3CB31F2F23581AF1004726A1 /* Kapture 2019-10-17 at 11.38.34.gif in Resources */,
				3CB31F1523572BDF004726A1 /* Main.storyboard in Resources */,
			);
			runOnlyForDeploymentPostprocessing = 0;
		};
/* End PBXResourcesBuildPhase section */

/* Begin PBXSourcesBuildPhase section */
		3CB31F0623572BDF004726A1 /* Sources */ = {
			isa = PBXSourcesBuildPhase;
			buildActionMask = 2147483647;
			files = (
				3CB31F1223572BDF004726A1 /* ViewController.swift in Sources */,
				3CB31F0E23572BDF004726A1 /* AppDelegate.swift in Sources */,
				3CB31F1023572BDF004726A1 /* SceneDelegate.swift in Sources */,
				3CB31F2723572C1F004726A1 /* DescriptionTextLayer.swift in Sources */,
				3CB31F2B23580BD1004726A1 /* EasyStepIndicator.swift in Sources */,
				3CB31F2923572C1F004726A1 /* LineLayer.swift in Sources */,
				3CB31F2623572C1F004726A1 /* AnnularLayer.swift in Sources */,
			);
			runOnlyForDeploymentPostprocessing = 0;
		};
/* End PBXSourcesBuildPhase section */

/* Begin PBXVariantGroup section */
		3CB31F1323572BDF004726A1 /* Main.storyboard */ = {
			isa = PBXVariantGroup;
			children = (
				3CB31F1423572BDF004726A1 /* Base */,
			);
			name = Main.storyboard;
			sourceTree = "<group>";
		};
		3CB31F1823572BE1004726A1 /* LaunchScreen.storyboard */ = {
			isa = PBXVariantGroup;
			children = (
				3CB31F1923572BE1004726A1 /* Base */,
			);
			name = LaunchScreen.storyboard;
			sourceTree = "<group>";
		};
/* End PBXVariantGroup section */

/* Begin XCBuildConfiguration section */
		3CB31F1C23572BE1004726A1 /* Debug */ = {
			isa = XCBuildConfiguration;
			buildSettings = {
				ALWAYS_SEARCH_USER_PATHS = NO;
				CLANG_ANALYZER_NONNULL = YES;
				CLANG_ANALYZER_NUMBER_OBJECT_CONVERSION = YES_AGGRESSIVE;
				CLANG_CXX_LANGUAGE_STANDARD = "gnu++14";
				CLANG_CXX_LIBRARY = "libc++";
				CLANG_ENABLE_MODULES = YES;
				CLANG_ENABLE_OBJC_ARC = YES;
				CLANG_ENABLE_OBJC_WEAK = YES;
				CLANG_WARN_BLOCK_CAPTURE_AUTORELEASING = YES;
				CLANG_WARN_BOOL_CONVERSION = YES;
				CLANG_WARN_COMMA = YES;
				CLANG_WARN_CONSTANT_CONVERSION = YES;
				CLANG_WARN_DEPRECATED_OBJC_IMPLEMENTATIONS = YES;
				CLANG_WARN_DIRECT_OBJC_ISA_USAGE = YES_ERROR;
				CLANG_WARN_DOCUMENTATION_COMMENTS = YES;
				CLANG_WARN_EMPTY_BODY = YES;
				CLANG_WARN_ENUM_CONVERSION = YES;
				CLANG_WARN_INFINITE_RECURSION = YES;
				CLANG_WARN_INT_CONVERSION = YES;
				CLANG_WARN_NON_LITERAL_NULL_CONVERSION = YES;
				CLANG_WARN_OBJC_IMPLICIT_RETAIN_SELF = YES;
				CLANG_WARN_OBJC_LITERAL_CONVERSION = YES;
				CLANG_WARN_OBJC_ROOT_CLASS = YES_ERROR;
				CLANG_WARN_RANGE_LOOP_ANALYSIS = YES;
				CLANG_WARN_STRICT_PROTOTYPES = YES;
				CLANG_WARN_SUSPICIOUS_MOVE = YES;
				CLANG_WARN_UNGUARDED_AVAILABILITY = YES_AGGRESSIVE;
				CLANG_WARN_UNREACHABLE_CODE = YES;
				CLANG_WARN__DUPLICATE_METHOD_MATCH = YES;
				COPY_PHASE_STRIP = NO;
				DEBUG_INFORMATION_FORMAT = dwarf;
				ENABLE_STRICT_OBJC_MSGSEND = YES;
				ENABLE_TESTABILITY = YES;
				GCC_C_LANGUAGE_STANDARD = gnu11;
				GCC_DYNAMIC_NO_PIC = NO;
				GCC_NO_COMMON_BLOCKS = YES;
				GCC_OPTIMIZATION_LEVEL = 0;
				GCC_PREPROCESSOR_DEFINITIONS = (
					"DEBUG=1",
					"$(inherited)",
				);
				GCC_WARN_64_TO_32_BIT_CONVERSION = YES;
				GCC_WARN_ABOUT_RETURN_TYPE = YES_ERROR;
				GCC_WARN_UNDECLARED_SELECTOR = YES;
				GCC_WARN_UNINITIALIZED_AUTOS = YES_AGGRESSIVE;
				GCC_WARN_UNUSED_FUNCTION = YES;
				GCC_WARN_UNUSED_VARIABLE = YES;
				IPHONEOS_DEPLOYMENT_TARGET = 13.1;
				MTL_ENABLE_DEBUG_INFO = INCLUDE_SOURCE;
				MTL_FAST_MATH = YES;
				ONLY_ACTIVE_ARCH = YES;
				SDKROOT = iphoneos;
				SWIFT_ACTIVE_COMPILATION_CONDITIONS = DEBUG;
				SWIFT_OPTIMIZATION_LEVEL = "-Onone";
			};
			name = Debug;
		};
		3CB31F1D23572BE1004726A1 /* Release */ = {
			isa = XCBuildConfiguration;
			buildSettings = {
				ALWAYS_SEARCH_USER_PATHS = NO;
				CLANG_ANALYZER_NONNULL = YES;
				CLANG_ANALYZER_NUMBER_OBJECT_CONVERSION = YES_AGGRESSIVE;
				CLANG_CXX_LANGUAGE_STANDARD = "gnu++14";
				CLANG_CXX_LIBRARY = "libc++";
				CLANG_ENABLE_MODULES = YES;
				CLANG_ENABLE_OBJC_ARC = YES;
				CLANG_ENABLE_OBJC_WEAK = YES;
				CLANG_WARN_BLOCK_CAPTURE_AUTORELEASING = YES;
				CLANG_WARN_BOOL_CONVERSION = YES;
				CLANG_WARN_COMMA = YES;
				CLANG_WARN_CONSTANT_CONVERSION = YES;
				CLANG_WARN_DEPRECATED_OBJC_IMPLEMENTATIONS = YES;
				CLANG_WARN_DIRECT_OBJC_ISA_USAGE = YES_ERROR;
				CLANG_WARN_DOCUMENTATION_COMMENTS = YES;
				CLANG_WARN_EMPTY_BODY = YES;
				CLANG_WARN_ENUM_CONVERSION = YES;
				CLANG_WARN_INFINITE_RECURSION = YES;
				CLANG_WARN_INT_CONVERSION = YES;
				CLANG_WARN_NON_LITERAL_NULL_CONVERSION = YES;
				CLANG_WARN_OBJC_IMPLICIT_RETAIN_SELF = YES;
				CLANG_WARN_OBJC_LITERAL_CONVERSION = YES;
				CLANG_WARN_OBJC_ROOT_CLASS = YES_ERROR;
				CLANG_WARN_RANGE_LOOP_ANALYSIS = YES;
				CLANG_WARN_STRICT_PROTOTYPES = YES;
				CLANG_WARN_SUSPICIOUS_MOVE = YES;
				CLANG_WARN_UNGUARDED_AVAILABILITY = YES_AGGRESSIVE;
				CLANG_WARN_UNREACHABLE_CODE = YES;
				CLANG_WARN__DUPLICATE_METHOD_MATCH = YES;
				COPY_PHASE_STRIP = NO;
				DEBUG_INFORMATION_FORMAT = "dwarf-with-dsym";
				ENABLE_NS_ASSERTIONS = NO;
				ENABLE_STRICT_OBJC_MSGSEND = YES;
				GCC_C_LANGUAGE_STANDARD = gnu11;
				GCC_NO_COMMON_BLOCKS = YES;
				GCC_WARN_64_TO_32_BIT_CONVERSION = YES;
				GCC_WARN_ABOUT_RETURN_TYPE = YES_ERROR;
				GCC_WARN_UNDECLARED_SELECTOR = YES;
				GCC_WARN_UNINITIALIZED_AUTOS = YES_AGGRESSIVE;
				GCC_WARN_UNUSED_FUNCTION = YES;
				GCC_WARN_UNUSED_VARIABLE = YES;
				IPHONEOS_DEPLOYMENT_TARGET = 13.1;
				MTL_ENABLE_DEBUG_INFO = NO;
				MTL_FAST_MATH = YES;
				SDKROOT = iphoneos;
				SWIFT_COMPILATION_MODE = wholemodule;
				SWIFT_OPTIMIZATION_LEVEL = "-O";
				VALIDATE_PRODUCT = YES;
			};
			name = Release;
		};
		3CB31F1F23572BE1004726A1 /* Debug */ = {
			isa = XCBuildConfiguration;
			buildSettings = {
				ASSETCATALOG_COMPILER_APPICON_NAME = AppIcon;
				CODE_SIGN_ENTITLEMENTS = EasyStepIndicator/EasyStepIndicator.entitlements;
				CODE_SIGN_STYLE = Automatic;
				DERIVE_MACCATALYST_PRODUCT_BUNDLE_IDENTIFIER = YES;
				DEVELOPMENT_TEAM = 5646353WJR;
				INFOPLIST_FILE = EasyStepIndicator/Info.plist;
				LD_RUNPATH_SEARCH_PATHS = (
					"$(inherited)",
					"@executable_path/Frameworks",
				);
				PRODUCT_BUNDLE_IDENTIFIER = com.pengzishang.EasyStepIndicator.EasyStepIndicator;
				PRODUCT_NAME = "$(TARGET_NAME)";
				SUPPORTS_MACCATALYST = YES;
				SWIFT_VERSION = 5.0;
				TARGETED_DEVICE_FAMILY = "1,2";
			};
			name = Debug;
		};
		3CB31F2023572BE1004726A1 /* Release */ = {
			isa = XCBuildConfiguration;
			buildSettings = {
				ASSETCATALOG_COMPILER_APPICON_NAME = AppIcon;
				CODE_SIGN_ENTITLEMENTS = EasyStepIndicator/EasyStepIndicator.entitlements;
				CODE_SIGN_STYLE = Automatic;
				DERIVE_MACCATALYST_PRODUCT_BUNDLE_IDENTIFIER = YES;
				DEVELOPMENT_TEAM = 5646353WJR;
				INFOPLIST_FILE = EasyStepIndicator/Info.plist;
				LD_RUNPATH_SEARCH_PATHS = (
					"$(inherited)",
					"@executable_path/Frameworks",
				);
				PRODUCT_BUNDLE_IDENTIFIER = com.pengzishang.EasyStepIndicator.EasyStepIndicator;
				PRODUCT_NAME = "$(TARGET_NAME)";
				SUPPORTS_MACCATALYST = YES;
				SWIFT_VERSION = 5.0;
				TARGETED_DEVICE_FAMILY = "1,2";
			};
			name = Release;
		};
/* End XCBuildConfiguration section */

/* Begin XCConfigurationList section */
		3CB31F0523572BDF004726A1 /* Build configuration list for PBXProject "EasyStepIndicator" */ = {
			isa = XCConfigurationList;
			buildConfigurations = (
				3CB31F1C23572BE1004726A1 /* Debug */,
				3CB31F1D23572BE1004726A1 /* Release */,
			);
			defaultConfigurationIsVisible = 0;
			defaultConfigurationName = Release;
		};
		3CB31F1E23572BE1004726A1 /* Build configuration list for PBXNativeTarget "EasyStepIndicator" */ = {
			isa = XCConfigurationList;
			buildConfigurations = (
				3CB31F1F23572BE1004726A1 /* Debug */,
				3CB31F2023572BE1004726A1 /* Release */,
			);
			defaultConfigurationIsVisible = 0;
			defaultConfigurationName = Release;
		};
/* End XCConfigurationList section */
	};
	rootObject = 3CB31F0223572BDF004726A1 /* Project object */;
}
